
Microsoft Visual Studio Solution File, Format Version 12.00
# Visual Studio Version 17
VisualStudioVersion = 17.3.32811.315
MinimumVisualStudioVersion = 10.0.40219.1
Project("{FAE04EC0-301F-11D3-BF4B-00C04F79EFBC}") = "variabler i cs uppgift 2.5", "variabler i cs uppgift 2.5\variabler i cs uppgift 2.5.csproj", "{5B4C1D3D-1156-4142-8C27-AA1D9DFA9EDF}"
EndProject
Global
	GlobalSection(SolutionConfigurationPlatforms) = preSolution
		Debug|Any CPU = Debug|Any CPU
		Release|Any CPU = Release|Any CPU
	EndGlobalSection
	GlobalSection(ProjectConfigurationPlatforms) = postSolution
		{5B4C1D3D-1156-4142-8C27-AA1D9DFA9EDF}.Debug|Any CPU.ActiveCfg = Debug|Any CPU
		{5B4C1D3D-1156-4142-8C27-AA1D9DFA9EDF}.Debug|Any CPU.Build.0 = Debug|Any CPU
		{5B4C1D3D-1156-4142-8C27-AA1D9DFA9EDF}.Release|Any CPU.ActiveCfg = Release|Any CPU
		{5B4C1D3D-1156-4142-8C27-AA1D9DFA9EDF}.Release|Any CPU.Build.0 = Release|Any CPU
	EndGlobalSection
	GlobalSection(SolutionProperties) = preSolution
		HideSolutionNode = FALSE
	EndGlobalSection
	GlobalSection(ExtensibilityGlobals) = postSolution
		SolutionGuid = {767FB432-5CAE-4576-90A5-4011C9FC0C5D}
	EndGlobalSection
EndGlobal
